
Microsoft Visual Studio Solution File, Format Version 12.00
# Visual Studio Version 16
VisualStudioVersion = 16.0.33423.256
MinimumVisualStudioVersion = 10.0.40219.1
Project("{FAE04EC0-301F-11D3-BF4B-00C04F79EFBC}") = "MVC_InventoryWebApp", "MVC_InventoryWebApp\MVC_InventoryWebApp.csproj", "{51BA3588-9CFE-4960-8317-8F845CADFC03}"
EndProject
Global
	GlobalSection(SolutionConfigurationPlatforms) = preSolution
		Debug|Any CPU = Debug|Any CPU
		Release|Any CPU = Release|Any CPU
	EndGlobalSection
	GlobalSection(ProjectConfigurationPlatforms) = postSolution
		{51BA3588-9CFE-4960-8317-8F845CADFC03}.Debug|Any CPU.ActiveCfg = Debug|Any CPU
		{51BA3588-9CFE-4960-8317-8F845CADFC03}.Debug|Any CPU.Build.0 = Debug|Any CPU
		{51BA3588-9CFE-4960-8317-8F845CADFC03}.Release|Any CPU.ActiveCfg = Release|Any CPU
		{51BA3588-9CFE-4960-8317-8F845CADFC03}.Release|Any CPU.Build.0 = Release|Any CPU
	EndGlobalSection
	GlobalSection(SolutionProperties) = preSolution
		HideSolutionNode = FALSE
	EndGlobalSection
	GlobalSection(ExtensibilityGlobals) = postSolution
		SolutionGuid = {D77033F5-EAC0-4B66-9DC9-C8814E8667EA}
	EndGlobalSection
EndGlobal
